version: 7
platforms:
- name: osx-arm64
environments:
  default:
    channels:
    - url: https://prefix.dev/conda-forge/
    - url: https://mvondomaros-lab.github.io/conda/
    packages:
      osx-arm64:
      - conda: https://prefix.dev/conda-forge/noarch/_python_abi3_support-1.0-hd8ed1ab_2.conda
      - conda: https://prefix.dev/conda-forge/noarch/appnope-0.1.4-pyhd8ed1ab_1.conda
      - conda: https://prefix.dev/conda-forge/noarch/asttokens-3.0.1-pyhd8ed1ab_0.conda
      - conda: https://prefix.dev/conda-forge/noarch/ca-certificates-2026.5.20-hbd8a1cb_0.conda
      - conda: https://prefix.dev/conda-forge/noarch/comm-0.2.3-pyhe01879c_0.conda
      - conda: https://prefix.dev/conda-forge/noarch/cpython-3.14.5-py314hd8ed1ab_100.conda
      - conda: https://prefix.dev/conda-forge/noarch/decorator-5.3.1-pyhd8ed1ab_0.conda
      - conda: https://prefix.dev/conda-forge/noarch/executing-2.2.1-pyhd8ed1ab_0.conda
      - conda: https://prefix.dev/conda-forge/noarch/ipykernel-7.2.0-pyh5552912_1.conda
      - conda: https://prefix.dev/conda-forge/noarch/ipython-9.13.0-pyh53cf698_0.conda
      - conda: https://prefix.dev/conda-forge/noarch/ipython_pygments_lexers-1.1.1-pyhd8ed1ab_0.conda
      - conda: https://prefix.dev/conda-forge/noarch/ipywidgets-8.1.8-pyhd8ed1ab_0.conda
      - conda: https://prefix.dev/conda-forge/noarch/jedi-0.19.2-pyhd8ed1ab_1.conda
      - conda: https://prefix.dev/conda-forge/noarch/jupyter_client-8.8.0-pyhcf101f3_0.conda
      - conda: https://prefix.dev/conda-forge/noarch/jupyter_core-5.9.1-pyhc90fa1f_0.conda
      - conda: https://prefix.dev/conda-forge/noarch/jupyterlab_widgets-3.0.16-pyhcf101f3_1.conda
      - conda: https://prefix.dev/conda-forge/noarch/matplotlib-inline-0.2.2-pyhd8ed1ab_0.conda
      - conda: https://prefix.dev/conda-forge/noarch/nest-asyncio-1.6.0-pyhd8ed1ab_1.conda
      - conda: https://prefix.dev/conda-forge/noarch/packaging-26.2-pyhc364b38_0.conda
      - conda: https://prefix.dev/conda-forge/noarch/parso-0.8.7-pyhcf101f3_0.conda
      - conda: https://prefix.dev/conda-forge/noarch/pexpect-4.9.0-pyhd8ed1ab_1.conda
      - conda: https://prefix.dev/conda-forge/noarch/platformdirs-4.10.0-pyhcf101f3_0.conda
      - conda: https://prefix.dev/conda-forge/noarch/prompt-toolkit-3.0.52-pyha770c72_0.conda
      - conda: https://prefix.dev/conda-forge/noarch/ptyprocess-0.7.0-pyhd8ed1ab_1.conda
      - conda: https://prefix.dev/conda-forge/noarch/pure_eval-0.2.3-pyhd8ed1ab_1.conda
      - conda: https://prefix.dev/conda-forge/noarch/pygments-2.20.0-pyhd8ed1ab_0.conda
      - conda: https://prefix.dev/conda-forge/noarch/python-dateutil-2.9.0.post0-pyhe01879c_2.conda
      - conda: https://prefix.dev/conda-forge/noarch/python-gil-3.14.5-h4df99d1_100.conda
      - conda: https://prefix.dev/conda-forge/noarch/python_abi-3.14-8_cp314.conda
      - conda: https://prefix.dev/conda-forge/noarch/six-1.17.0-pyhe01879c_1.conda
      - conda: https://prefix.dev/conda-forge/noarch/stack_data-0.6.3-pyhd8ed1ab_1.conda
      - conda: https://prefix.dev/conda-forge/noarch/traitlets-5.15.0-pyhcf101f3_0.conda
      - conda: https://prefix.dev/conda-forge/noarch/typing_extensions-4.15.0-pyhcf101f3_0.conda
      - conda: https://prefix.dev/conda-forge/noarch/tzdata-2025c-hc9c84f9_1.conda
      - conda: https://prefix.dev/conda-forge/noarch/wcwidth-0.7.0-pyhd8ed1ab_0.conda
      - conda: https://prefix.dev/conda-forge/noarch/widgetsnbextension-4.0.15-pyhd8ed1ab_0.conda
      - conda: https://prefix.dev/conda-forge/osx-arm64/bzip2-1.0.8-hd037594_9.conda
      - conda: https://prefix.dev/conda-forge/osx-arm64/debugpy-1.8.20-py314he609de1_0.conda
      - conda: https://prefix.dev/conda-forge/osx-arm64/krb5-1.22.2-h385eeb1_0.conda
      - conda: https://prefix.dev/conda-forge/osx-arm64/libcxx-22.1.6-h55c6f16_0.conda
      - conda: https://prefix.dev/conda-forge/osx-arm64/libedit-3.1.20250104-pl5321hafb1f1b_0.conda
      - conda: https://prefix.dev/conda-forge/osx-arm64/libexpat-2.8.1-hf6b4638_0.conda
      - conda: https://prefix.dev/conda-forge/osx-arm64/libffi-3.5.2-hcf2aa1b_0.conda
      - conda: https://prefix.dev/conda-forge/osx-arm64/liblzma-5.8.3-h8088a28_0.conda
      - conda: https://prefix.dev/conda-forge/osx-arm64/libmpdec-4.0.0-h84a0fba_1.conda
      - conda: https://prefix.dev/conda-forge/osx-arm64/libsodium-1.0.22-h1a92334_1.conda
      - conda: https://prefix.dev/conda-forge/osx-arm64/libsqlite-3.53.1-h1b79a29_0.conda
      - conda: https://prefix.dev/conda-forge/osx-arm64/libzlib-1.3.2-h8088a28_2.conda
      - conda: https://prefix.dev/conda-forge/osx-arm64/ncurses-6.6-h1d4f5a5_0.conda
      - conda: https://prefix.dev/conda-forge/osx-arm64/openssl-3.6.2-hd24854e_0.conda
      - conda: https://prefix.dev/conda-forge/osx-arm64/psutil-7.2.2-py314ha14b1ff_0.conda
      - conda: https://prefix.dev/conda-forge/osx-arm64/python-3.14.5-h4c637c5_100_cp314.conda
      - conda: https://prefix.dev/conda-forge/osx-arm64/pyzmq-27.1.0-py312h022ad19_3.conda
      - conda: https://prefix.dev/conda-forge/osx-arm64/readline-8.3-h46df422_0.conda
      - conda: https://prefix.dev/conda-forge/osx-arm64/tk-8.6.13-h010d191_3.conda
      - conda: https://prefix.dev/conda-forge/osx-arm64/tornado-6.5.6-py314h6c2aa35_0.conda
      - conda: https://prefix.dev/conda-forge/osx-arm64/zeromq-4.3.5-h10816f8_11.conda
      - conda: https://prefix.dev/conda-forge/osx-arm64/zstd-1.5.7-hbf9d68e_6.conda
packages:
- conda: https://prefix.dev/conda-forge/noarch/_python_abi3_support-1.0-hd8ed1ab_2.conda
  sha256: a3967b937b9abf0f2a99f3173fa4630293979bd1644709d89580e7c62a544661
  md5: aaa2a381ccc56eac91d63b6c1240312f
  depends:
  - cpython
  - python-gil
  license: MIT
  license_family: MIT
  run_exports: {}
  size: 8191
  timestamp: 1744137672556
- conda: https://prefix.dev/conda-forge/noarch/appnope-0.1.4-pyhd8ed1ab_1.conda
  sha256: 8f032b140ea4159806e4969a68b4a3c0a7cab1ad936eb958a2b5ffe5335e19bf
  md5: 54898d0f524c9dee622d44bbb081a8ab
  depends:
  - python >=3.9
  license: BSD-2-Clause
  license_family: BSD
  run_exports: {}
  size: 10076
  timestamp: 1733332433806
- conda: https://prefix.dev/conda-forge/noarch/asttokens-3.0.1-pyhd8ed1ab_0.conda
  sha256: ee4da0f3fe9d59439798ee399ef3e482791e48784873d546e706d0935f9ff010
  md5: 9673a61a297b00016442e022d689faa6
  depends:
  - python >=3.10
  constrains:
  - astroid >=2,<5
  license: Apache-2.0
  license_family: Apache
  run_exports: {}
  size: 28797
  timestamp: 1763410017955
- conda: https://prefix.dev/conda-forge/noarch/ca-certificates-2026.5.20-hbd8a1cb_0.conda
  sha256: 9812a303a1395e1dafbd92e5bc8a1ff6013bcbba0a09c7f03a8d23e43560aa9b
  md5: 489b8e97e666c93f68fdb35c3c9b957f
  depends:
  - __unix
  license: ISC
  run_exports: {}
  size: 129868
  timestamp: 1779289852439
- conda: https://prefix.dev/conda-forge/noarch/comm-0.2.3-pyhe01879c_0.conda
  sha256: 576a44729314ad9e4e5ebe055fbf48beb8116b60e58f9070278985b2b634f212
  md5: 2da13f2b299d8e1995bafbbe9689a2f7
  depends:
  - python >=3.9
  - python
  license: BSD-3-Clause
  license_family: BSD
  run_exports: {}
  size: 14690
  timestamp: 1753453984907
- conda: https://prefix.dev/conda-forge/noarch/cpython-3.14.5-py314hd8ed1ab_100.conda
  noarch: generic
  sha256: 777882d2685f368417f31bbe1b28f73687fc6c8f6a5768bda20ffeefa6b07f5b
  md5: a749029ce5d0632a913db19d17f944ab
  depends:
  - python >=3.14,<3.15.0a0
  - python_abi * *_cp314
  license: Python-2.0
  run_exports: {}
  size: 50212
  timestamp: 1779236682725
- conda: https://prefix.dev/conda-forge/noarch/decorator-5.3.1-pyhd8ed1ab_0.conda
  sha256: 430bd9d731b265f0bedb3183ac3ecfaa1656390c092b6e864ff8cc1229843c8c
  md5: 61dcf784d59ef0bd62c57d982b154ace
  depends:
  - python >=3.10
  license: BSD-2-Clause
  license_family: BSD
  run_exports: {}
  size: 16102
  timestamp: 1779115228886
- conda: https://prefix.dev/conda-forge/noarch/executing-2.2.1-pyhd8ed1ab_0.conda
  sha256: 210c8165a58fdbf16e626aac93cc4c14dbd551a01d1516be5ecad795d2422cad
  md5: ff9efb7f7469aed3c4a8106ffa29593c
  depends:
  - python >=3.10
  license: MIT
  license_family: MIT
  run_exports: {}
  size: 30753
  timestamp: 1756729456476
- conda: https://prefix.dev/conda-forge/noarch/ipykernel-7.2.0-pyh5552912_1.conda
  sha256: 5c1f3e874adaf603449f2b135d48f168c5d510088c78c229bda0431268b43b27
  md5: 4b53d436f3fbc02ce3eeaf8ae9bebe01
  depends:
  - appnope
  - __osx
  - comm >=0.1.1
  - debugpy >=1.6.5
  - ipython >=7.23.1
  - jupyter_client >=8.8.0
  - jupyter_core >=5.1,!=6.0.*
  - matplotlib-inline >=0.1
  - nest-asyncio >=1.4
  - packaging >=22
  - psutil >=5.7
  - python >=3.10
  - pyzmq >=25
  - tornado >=6.4.1
  - traitlets >=5.4.0
  - python
  constrains:
  - appnope >=0.1.2
  license: BSD-3-Clause
  license_family: BSD
  run_exports: {}
  size: 132260
  timestamp: 1770566135697
- conda: https://prefix.dev/conda-forge/noarch/ipython-9.13.0-pyh53cf698_0.conda
  sha256: a0af49948a1842dfd15a0b0b2fd56c94ddbd07e07a6c8b4bc70d43015eafaff0
  md5: 73e9657cd19605740d21efb14d8d0cb9
  depends:
  - __unix
  - decorator >=5.1.0
  - ipython_pygments_lexers >=1.0.0
  - jedi >=0.18.2
  - matplotlib-inline >=0.1.6
  - prompt-toolkit >=3.0.41,<3.1.0
  - psutil >=7
  - pygments >=2.14.0
  - python >=3.11
  - stack_data >=0.6.0
  - traitlets >=5.13.0
  - typing_extensions >=4.6
  - pexpect >4.6
  - python
  license: BSD-3-Clause
  license_family: BSD
  run_exports: {}
  size: 651632
  timestamp: 1777038396606
- conda: https://prefix.dev/conda-forge/noarch/ipython_pygments_lexers-1.1.1-pyhd8ed1ab_0.conda
  sha256: 894682a42a7d659ae12878dbcb274516a7031bbea9104e92f8e88c1f2765a104
  md5: bd80ba060603cc228d9d81c257093119
  depends:
  - pygments
  - python >=3.9
  license: BSD-3-Clause
  license_family: BSD
  run_exports: {}
  size: 13993
  timestamp: 1737123723464
- conda: https://prefix.dev/conda-forge/noarch/ipywidgets-8.1.8-pyhd8ed1ab_0.conda
  sha256: 6bb58afb7eabc8b4ac0c7e92707fb498313cc0164cf04e7ba1090dbf49af514b
  md5: d68e3f70d1f068f1b66d94822fdc644e
  depends:
  - comm >=0.1.3
  - ipython >=6.1.0
  - jupyterlab_widgets >=3.0.15,<3.1.0
  - python >=3.10
  - traitlets >=4.3.1
  - widgetsnbextension >=4.0.14,<4.1.0
  license: BSD-3-Clause
  license_family: BSD
  run_exports: {}
  size: 114376
  timestamp: 1762040524661
- conda: https://prefix.dev/conda-forge/noarch/jedi-0.19.2-pyhd8ed1ab_1.conda
  sha256: 92c4d217e2dc68983f724aa983cca5464dcb929c566627b26a2511159667dba8
  md5: a4f4c5dc9b80bc50e0d3dc4e6e8f1bd9
  depends:
  - parso >=0.8.3,<0.9.0
  - python >=3.9
  license: Apache-2.0 AND MIT
  size: 843646
  timestamp: 1733300981994
- conda: https://prefix.dev/conda-forge/noarch/jupyter_client-8.8.0-pyhcf101f3_0.conda
  sha256: e402bd119720862a33229624ec23645916a7d47f30e1711a4af9e005162b84f3
  md5: 8a3d6d0523f66cf004e563a50d9392b3
  depends:
  - jupyter_core >=5.1
  - python >=3.10
  - python-dateutil >=2.8.2
  - pyzmq >=25.0
  - tornado >=6.4.1
  - traitlets >=5.3
  - python
  license: BSD-3-Clause
  license_family: BSD
  run_exports: {}
  size: 112785
  timestamp: 1767954655912
- conda: https://prefix.dev/conda-forge/noarch/jupyter_core-5.9.1-pyhc90fa1f_0.conda
  sha256: 1d34b80e5bfcd5323f104dbf99a2aafc0e5d823019d626d0dce5d3d356a2a52a
  md5: b38fe4e78ee75def7e599843ef4c1ab0
  depends:
  - __unix
  - python
  - platformdirs >=2.5
  - python >=3.10
  - traitlets >=5.3
  - python
  constrains:
  - pywin32 >=300
  license: BSD-3-Clause
  license_family: BSD
  run_exports: {}
  size: 65503
  timestamp: 1760643864586
- conda: https://prefix.dev/conda-forge/noarch/jupyterlab_widgets-3.0.16-pyhcf101f3_1.conda
  sha256: 5c03de243d7ae6247f39a402f4785d95e61c3be79ef18738e8f17155585d31a8
  md5: dbf8b81974504fa51d34e436ca7ef389
  depends:
  - python >=3.10
  - python
  constrains:
  - jupyterlab >=3,<5
  license: BSD-3-Clause
  license_family: BSD
  run_exports: {}
  size: 216779
  timestamp: 1762267481404
- conda: https://prefix.dev/conda-forge/noarch/matplotlib-inline-0.2.2-pyhd8ed1ab_0.conda
  sha256: 35b43d7343f74452307fd018a1cca92b8f68961ff8e2ab6a81ce0a703c9a3764
  md5: 9acc1c385be401d533ff70ef5b50dae6
  depends:
  - python >=3.10
  - traitlets
  license: BSD-3-Clause
  license_family: BSD
  run_exports: {}
  size: 15725
  timestamp: 1778264403247
- conda: https://prefix.dev/conda-forge/noarch/nest-asyncio-1.6.0-pyhd8ed1ab_1.conda
  sha256: bb7b21d7fd0445ddc0631f64e66d91a179de4ba920b8381f29b9d006a42788c0
  md5: 598fd7d4d0de2455fb74f56063969a97
  depends:
  - python >=3.9
  license: BSD-2-Clause
  license_family: BSD
  run_exports: {}
  size: 11543
  timestamp: 1733325673691
- conda: https://prefix.dev/conda-forge/noarch/packaging-26.2-pyhc364b38_0.conda
  sha256: 3906abfb6511a3bb309e39b9b1b7bc38f50a723971de2395489fd1f379255890
  md5: 4c06a92e74452cfa53623a81592e8934
  depends:
  - python >=3.8
  - python
  license: Apache-2.0
  license_family: APACHE
  run_exports: {}
  size: 91574
  timestamp: 1777103621679
- conda: https://prefix.dev/conda-forge/noarch/parso-0.8.7-pyhcf101f3_0.conda
  sha256: 611882f7944b467281c46644ffde6c5145d1a7730388bcde26e7e86819b0998e
  md5: 39894c952938276405a1bd30e4ce2caf
  depends:
  - python >=3.10
  - python
  license: MIT
  license_family: MIT
  run_exports: {}
  size: 82472
  timestamp: 1777722955579
- conda: https://prefix.dev/conda-forge/noarch/pexpect-4.9.0-pyhd8ed1ab_1.conda
  sha256: 202af1de83b585d36445dc1fda94266697341994d1a3328fabde4989e1b3d07a
  md5: d0d408b1f18883a944376da5cf8101ea
  depends:
  - ptyprocess >=0.5
  - python >=3.9
  license: ISC
  run_exports: {}
  size: 53561
  timestamp: 1733302019362
- conda: https://prefix.dev/conda-forge/noarch/platformdirs-4.10.0-pyhcf101f3_0.conda
  sha256: 9e5e1fd3506ccfc4d444fc4d2d39b0ed097d5d0e3bd3d4bdf6bcc81aaf66860d
  md5: 2c5ef45db85d34799771629bd5860fd7
  depends:
  - python >=3.10
  - python
  license: MIT
  license_family: MIT
  run_exports: {}
  size: 26308
  timestamp: 1779972894916
- conda: https://prefix.dev/conda-forge/noarch/prompt-toolkit-3.0.52-pyha770c72_0.conda
  sha256: 4817651a276016f3838957bfdf963386438c70761e9faec7749d411635979bae
  md5: edb16f14d920fb3faf17f5ce582942d6
  depends:
  - python >=3.10
  - wcwidth
  constrains:
  - prompt_toolkit 3.0.52
  license: BSD-3-Clause
  license_family: BSD
  run_exports: {}
  size: 273927
  timestamp: 1756321848365
- conda: https://prefix.dev/conda-forge/noarch/ptyprocess-0.7.0-pyhd8ed1ab_1.conda
  sha256: a7713dfe30faf17508ec359e0bc7e0983f5d94682492469bd462cdaae9c64d83
  md5: 7d9daffbb8d8e0af0f769dbbcd173a54
  depends:
  - python >=3.9
  license: ISC
  size: 19457
  timestamp: 1733302371990
- conda: https://prefix.dev/conda-forge/noarch/pure_eval-0.2.3-pyhd8ed1ab_1.conda
  sha256: 71bd24600d14bb171a6321d523486f6a06f855e75e547fa0cb2a0953b02047f0
  md5: 3bfdfb8dbcdc4af1ae3f9a8eb3948f04
  depends:
  - python >=3.9
  license: MIT
  license_family: MIT
  size: 16668
  timestamp: 1733569518868
- conda: https://prefix.dev/conda-forge/noarch/pygments-2.20.0-pyhd8ed1ab_0.conda
  sha256: cf70b2f5ad9ae472b71235e5c8a736c9316df3705746de419b59d442e8348e86
  md5: 16c18772b340887160c79a6acc022db0
  depends:
  - python >=3.10
  license: BSD-2-Clause
  license_family: BSD
  run_exports: {}
  size: 893031
  timestamp: 1774796815820
- conda: https://prefix.dev/conda-forge/noarch/python-dateutil-2.9.0.post0-pyhe01879c_2.conda
  sha256: d6a17ece93bbd5139e02d2bd7dbfa80bee1a4261dced63f65f679121686bf664
  md5: 5b8d21249ff20967101ffa321cab24e8
  depends:
  - python >=3.9
  - six >=1.5
  - python
  license: Apache-2.0
  license_family: APACHE
  run_exports: {}
  size: 233310
  timestamp: 1751104122689
- conda: https://prefix.dev/conda-forge/noarch/python-gil-3.14.5-h4df99d1_100.conda
  sha256: 41dd7da285d71d519257fa7dacb1cae060d5ebfaa5f92cba5994899d2978e943
  md5: 41954747ba952ec4b01e16c2c9e8d8ff
  depends:
  - cpython 3.14.5.*
  - python_abi * *_cp314
  license: Python-2.0
  run_exports: {}
  size: 50212
  timestamp: 1779236703009
- conda: https://prefix.dev/conda-forge/noarch/python_abi-3.14-8_cp314.conda
  build_number: 8
  sha256: ad6d2e9ac39751cc0529dd1566a26751a0bf2542adb0c232533d32e176e21db5
  md5: 0539938c55b6b1a59b560e843ad864a4
  constrains:
  - python 3.14.* *_cp314
  license: BSD-3-Clause
  license_family: BSD
  run_exports: {}
  size: 6989
  timestamp: 1752805904792
- conda: https://prefix.dev/conda-forge/noarch/six-1.17.0-pyhe01879c_1.conda
  sha256: 458227f759d5e3fcec5d9b7acce54e10c9e1f4f4b7ec978f3bfd54ce4ee9853d
  md5: 3339e3b65d58accf4ca4fb8748ab16b3
  depends:
  - python >=3.9
  - python
  license: MIT
  license_family: MIT
  run_exports: {}
  size: 18455
  timestamp: 1753199211006
- conda: https://prefix.dev/conda-forge/noarch/stack_data-0.6.3-pyhd8ed1ab_1.conda
  sha256: 570da295d421661af487f1595045760526964f41471021056e993e73089e9c41
  md5: b1b505328da7a6b246787df4b5a49fbc
  depends:
  - asttokens
  - executing
  - pure_eval
  - python >=3.9
  license: MIT
  license_family: MIT
  run_exports: {}
  size: 26988
  timestamp: 1733569565672
- conda: https://prefix.dev/conda-forge/noarch/traitlets-5.15.0-pyhcf101f3_0.conda
  sha256: dfb681579be59c2e790c95f7f49b7529a9b0511d6385ad276e3c8988cbd54d2c
  md5: 4bada6a6d908a27262af8ebddf4f7492
  depends:
  - python >=3.10
  - python
  license: BSD-3-Clause
  license_family: BSD
  run_exports: {}
  size: 115165
  timestamp: 1778074251714
- conda: https://prefix.dev/conda-forge/noarch/typing_extensions-4.15.0-pyhcf101f3_0.conda
  sha256: 032271135bca55aeb156cee361c81350c6f3fb203f57d024d7e5a1fc9ef18731
  md5: 0caa1af407ecff61170c9437a808404d
  depends:
  - python >=3.10
  - python
  license: PSF-2.0
  license_family: PSF
  run_exports: {}
  size: 51692
  timestamp: 1756220668932
- conda: https://prefix.dev/conda-forge/noarch/tzdata-2025c-hc9c84f9_1.conda
  sha256: 1d30098909076af33a35017eed6f2953af1c769e273a0626a04722ac4acaba3c
  md5: ad659d0a2b3e47e38d829aa8cad2d610
  license: LicenseRef-Public-Domain
  run_exports: {}
  size: 119135
  timestamp: 1767016325805
- conda: https://prefix.dev/conda-forge/noarch/wcwidth-0.7.0-pyhd8ed1ab_0.conda
  sha256: 1ee2d8384972ecbf8630ce8a3ea9d16858358ad3e8566675295e66996d5352da
  md5: eb9538b8e55069434a18547f43b96059
  depends:
  - python >=3.10
  license: MIT
  license_family: MIT
  run_exports: {}
  size: 82917
  timestamp: 1777744489106
- conda: https://prefix.dev/conda-forge/noarch/widgetsnbextension-4.0.15-pyhd8ed1ab_0.conda
  sha256: 826af5e2c09e5e45361fa19168f46ff524e7a766022615678c3a670c45895d9a
  md5: dc257b7e7cad9b79c1dfba194e92297b
  depends:
  - python >=3.10
  license: BSD-3-Clause
  license_family: BSD
  run_exports: {}
  size: 889195
  timestamp: 1762040404362
- conda: https://prefix.dev/conda-forge/osx-arm64/bzip2-1.0.8-hd037594_9.conda
  sha256: 540fe54be35fac0c17feefbdc3e29725cce05d7367ffedfaaa1bdda234b019df
  md5: 620b85a3f45526a8bc4d23fd78fc22f0
  depends:
  - __osx >=11.0
  license: bzip2-1.0.6
  license_family: BSD
  run_exports:
    weak:
    - bzip2 >=1.0.8,<2.0a0
  size: 124834
  timestamp: 1771350416561
- conda: https://prefix.dev/conda-forge/osx-arm64/debugpy-1.8.20-py314he609de1_0.conda
  sha256: 7736a82ebe75c0f3ea6991298363d1f2edb34291f8616c1d3719862881c3a167
  md5: 407c74dc27356ba6bf3a0191070e3ac0
  depends:
  - python
  - python 3.14.* *_cp314
  - __osx >=11.0
  - libcxx >=19
  - python_abi 3.14.* *_cp314
  license: MIT
  license_family: MIT
  run_exports: {}
  size: 2778080
  timestamp: 1769745040206
- conda: https://prefix.dev/conda-forge/osx-arm64/krb5-1.22.2-h385eeb1_0.conda
  sha256: c0a0bf028fe7f3defcdcaa464e536cf1b202d07451e18ad83fdd169d15bef6ed
  md5: e446e1822f4da8e5080a9de93474184d
  depends:
  - __osx >=11.0
  - libcxx >=19
  - libedit >=3.1.20250104,<3.2.0a0
  - libedit >=3.1.20250104,<4.0a0
  - openssl >=3.5.5,<4.0a0
  license: MIT
  license_family: MIT
  run_exports:
    weak:
    - krb5 >=1.22.2,<1.23.0a0
  size: 1160828
  timestamp: 1769770119811
- conda: https://prefix.dev/conda-forge/osx-arm64/libcxx-22.1.6-h55c6f16_0.conda
  sha256: 3e2f8ad32ddab88c5114b9aa2160f8c129f515df0e551d0d86ef5744446afdbd
  md5: 589cc6f6222fdc0eaf8e90bc38fcce7b
  depends:
  - __osx >=11.0
  license: Apache-2.0 WITH LLVM-exception
  license_family: Apache
  run_exports: {}
  size: 570038
  timestamp: 1779253025527
- conda: https://prefix.dev/conda-forge/osx-arm64/libedit-3.1.20250104-pl5321hafb1f1b_0.conda
  sha256: 66aa216a403de0bb0c1340a88d1a06adaff66bae2cfd196731aa24db9859d631
  md5: 44083d2d2c2025afca315c7a172eab2b
  depends:
  - ncurses
  - __osx >=11.0
  - ncurses >=6.5,<7.0a0
  license: BSD-2-Clause
  license_family: BSD
  run_exports:
    weak:
    - libedit >=3.1.20250104,<3.2.0a0
  size: 107691
  timestamp: 1738479560845
- conda: https://prefix.dev/conda-forge/osx-arm64/libexpat-2.8.1-hf6b4638_0.conda
  sha256: 3133fb6bfa871288b92c8b8752696686a841bf4ffe035aa3038033c9e15b738e
  md5: ef22e9ab1dc7c2f334252f565f90b3b8
  depends:
  - __osx >=11.0
  constrains:
  - expat 2.8.1.*
  license: MIT
  license_family: MIT
  run_exports: {}
  size: 69110
  timestamp: 1779278728511
- conda: https://prefix.dev/conda-forge/osx-arm64/libffi-3.5.2-hcf2aa1b_0.conda
  sha256: 6686a26466a527585e6a75cc2a242bf4a3d97d6d6c86424a441677917f28bec7
  md5: 43c04d9cb46ef176bb2a4c77e324d599
  depends:
  - __osx >=11.0
  license: MIT
  license_family: MIT
  run_exports:
    weak:
    - libffi >=3.5.2,<3.6.0a0
  size: 40979
  timestamp: 1769456747661
- conda: https://prefix.dev/conda-forge/osx-arm64/liblzma-5.8.3-h8088a28_0.conda
  sha256: 34878d87275c298f1a732c6806349125cebbf340d24c6c23727268184bba051e
  md5: b1fd823b5ae54fbec272cea0811bd8a9
  depends:
  - __osx >=11.0
  constrains:
  - xz 5.8.3.*
  license: 0BSD
  run_exports:
    weak:
    - liblzma >=5.8.3,<6.0a0
  size: 92472
  timestamp: 1775825802659
- conda: https://prefix.dev/conda-forge/osx-arm64/libmpdec-4.0.0-h84a0fba_1.conda
  sha256: 1089c7f15d5b62c622625ec6700732ece83be8b705da8c6607f4dabb0c4bd6d2
  md5: 57c4be259f5e0b99a5983799a228ae55
  depends:
  - __osx >=11.0
  license: BSD-2-Clause
  license_family: BSD
  run_exports: {}
  size: 73690
  timestamp: 1769482560514
- conda: https://prefix.dev/conda-forge/osx-arm64/libsodium-1.0.22-h1a92334_1.conda
  sha256: 202be45db5726757a8ea1f374f85aacc18c504f5ff15b2558496dff4c8779c48
  md5: 9ed5ab909c449bdcae72322e44875a18
  depends:
  - __osx >=11.0
  license: ISC
  run_exports:
    weak:
    - libsodium >=1.0.22,<1.0.23.0a0
  size: 247352
  timestamp: 1779164136206
- conda: https://prefix.dev/conda-forge/osx-arm64/libsqlite-3.53.1-h1b79a29_0.conda
  sha256: 49daec7c83e70d4efc17b813547824bc2bcf2f7256d84061d24fbfe537da9f74
  md5: 6681822ea9d362953206352371b6a904
  depends:
  - __osx >=11.0
  - libzlib >=1.3.2,<2.0a0
  license: blessing
  run_exports:
    weak:
    - libsqlite >=3.53.1,<4.0a0
  size: 920047
  timestamp: 1777987051643
- conda: https://prefix.dev/conda-forge/osx-arm64/libzlib-1.3.2-h8088a28_2.conda
  sha256: 361415a698514b19a852f5d1123c5da746d4642139904156ddfca7c922d23a05
  md5: bc5a5721b6439f2f62a84f2548136082
  depends:
  - __osx >=11.0
  constrains:
  - zlib 1.3.2 *_2
  license: Zlib
  license_family: Other
  run_exports:
    weak:
    - libzlib >=1.3.2,<2.0a0
  size: 47759
  timestamp: 1774072956767
- conda: https://prefix.dev/conda-forge/osx-arm64/ncurses-6.6-h1d4f5a5_0.conda
  sha256: 4ea6c620b87bd1d42bb2ccc2c87cd2483fa2d7f9e905b14c223f11ff3f4c455d
  md5: 343d10ed5b44030a2f67193905aea159
  depends:
  - __osx >=11.0
  license: X11 AND BSD-3-Clause
  run_exports:
    weak:
    - ncurses >=6.6,<7.0a0
  size: 805509
  timestamp: 1777423252320
- conda: https://prefix.dev/conda-forge/osx-arm64/openssl-3.6.2-hd24854e_0.conda
  sha256: c91bf510c130a1ea1b6ff023e28bac0ccaef869446acd805e2016f69ebdc49ea
  md5: 25dcccd4f80f1638428613e0d7c9b4e1
  depends:
  - __osx >=11.0
  - ca-certificates
  license: Apache-2.0
  license_family: Apache
  run_exports:
    weak:
    - openssl >=3.6.2,<4.0a0
  size: 3106008
  timestamp: 1775587972483
- conda: https://prefix.dev/conda-forge/osx-arm64/psutil-7.2.2-py314ha14b1ff_0.conda
  sha256: e0f31c053eb11803d63860c213b2b1b57db36734f5f84a3833606f7c91fedff9
  md5: fc4c7ab223873eee32080d51600ce7e7
  depends:
  - python
  - __osx >=11.0
  - python 3.14.* *_cp314
  - python_abi 3.14.* *_cp314
  license: BSD-3-Clause
  license_family: BSD
  run_exports: {}
  size: 245502
  timestamp: 1769678303655
- conda: https://prefix.dev/conda-forge/osx-arm64/python-3.14.5-h4c637c5_100_cp314.conda
  build_number: 100
  sha256: 06dec0e2f50e2f7e6a8808fcb4aff23729a3f23bcb1fca4fcbc3a341d9e38a83
  md5: f7331c9deaf21c79e5675e72b21d570b
  depends:
  - __osx >=11.0
  - bzip2 >=1.0.8,<2.0a0
  - libexpat >=2.8.0,<3.0a0
  - libffi >=3.5.2,<3.6.0a0
  - liblzma >=5.8.3,<6.0a0
  - libmpdec >=4.0.0,<5.0a0
  - libsqlite >=3.53.1,<4.0a0
  - libzlib >=1.3.2,<2.0a0
  - ncurses >=6.6,<7.0a0
  - openssl >=3.5.6,<4.0a0
  - python_abi 3.14.* *_cp314
  - readline >=8.3,<9.0a0
  - tk >=8.6.13,<8.7.0a0
  - tzdata
  - zstd >=1.5.7,<1.6.0a0
  license: Python-2.0
  run_exports:
    weak:
    - python_abi 3.14.* *_cp314
    noarch:
    - python
  size: 13560854
  timestamp: 1779238292621
  python_site_packages_path: lib/python3.14/site-packages
- conda: https://prefix.dev/conda-forge/osx-arm64/pyzmq-27.1.0-py312h022ad19_3.conda
  noarch: python
  sha256: 086cc67ec57afb7c9c09b5e09e7356b536b5b1af6c2e97117dc022cd22f0d472
  md5: 73f22bde4991f30ae2bfac3811577c15
  depends:
  - python
  - libcxx >=19
  - __osx >=11.0
  - zeromq >=4.3.5,<4.4.0a0
  - _python_abi3_support 1.*
  - cpython >=3.12
  license: BSD-3-Clause
  license_family: BSD
  run_exports: {}
  size: 191432
  timestamp: 1779484184540
- conda: https://prefix.dev/conda-forge/osx-arm64/readline-8.3-h46df422_0.conda
  sha256: a77010528efb4b548ac2a4484eaf7e1c3907f2aec86123ed9c5212ae44502477
  md5: f8381319127120ce51e081dce4865cf4
  depends:
  - __osx >=11.0
  - ncurses >=6.5,<7.0a0
  license: GPL-3.0-only
  license_family: GPL
  run_exports:
    weak:
    - readline >=8.3,<9.0a0
  size: 313930
  timestamp: 1765813902568
- conda: https://prefix.dev/conda-forge/osx-arm64/tk-8.6.13-h010d191_3.conda
  sha256: 799cab4b6cde62f91f750149995d149bc9db525ec12595e8a1d91b9317f038b3
  md5: a9d86bc62f39b94c4661716624eb21b0
  depends:
  - __osx >=11.0
  - libzlib >=1.3.1,<2.0a0
  license: TCL
  license_family: BSD
  run_exports:
    weak:
    - tk >=8.6.13,<8.7.0a0
  size: 3127137
  timestamp: 1769460817696
- conda: https://prefix.dev/conda-forge/osx-arm64/tornado-6.5.6-py314h6c2aa35_0.conda
  sha256: 45df7cdb5f104866bb520cb27f8a775088726ae5a5691a53c0ffed49a099838a
  md5: 9c61bebaff48c4f060ca35f38479ad01
  depends:
  - __osx >=11.0
  - python >=3.14,<3.15.0a0
  - python >=3.14,<3.15.0a0 *_cp314
  - python_abi 3.14.* *_cp314
  license: Apache-2.0
  license_family: Apache
  run_exports: {}
  size: 916141
  timestamp: 1779916422402
- conda: https://prefix.dev/conda-forge/osx-arm64/zeromq-4.3.5-h10816f8_11.conda
  sha256: 01fd50d2801b23b59fafea6bf704a6c5faf0f5969104400eae0e6572cb2e5304
  md5: d31c0e54c4f9c51100ec8c812ee925d1
  depends:
  - libcxx >=19
  - __osx >=11.0
  - krb5 >=1.22.2,<1.23.0a0
  - libsodium >=1.0.22,<1.0.23.0a0
  license: MPL-2.0
  license_family: MOZILLA
  run_exports:
    weak:
    - zeromq >=4.3.5,<4.4.0a0
  size: 245404
  timestamp: 1779124076307
- conda: https://prefix.dev/conda-forge/osx-arm64/zstd-1.5.7-hbf9d68e_6.conda
  sha256: 9485ba49e8f47d2b597dd399e88f4802e100851b27c21d7525625b0b4025a5d9
  md5: ab136e4c34e97f34fb621d2592a393d8
  depends:
  - __osx >=11.0
  - libzlib >=1.3.1,<2.0a0
  license: BSD-3-Clause
  license_family: BSD
  run_exports:
    weak:
    - zstd >=1.5.7,<1.6.0a0
  size: 433413
  timestamp: 1764777166076
